
Microsoft Visual Studio Solution File, Format Version 12.00
# Visual Studio Version 16
VisualStudioVersion = 16.0.31605.320
MinimumVisualStudioVersion = 10.0.40219.1
Project("{9A19103F-16F7-4668-BE54-9A1E7A4F7556}") = "01-ByteBank", "01-ByteBank\01-ByteBank.csproj", "{3B3F1072-0DFE-446D-9B65-8600E3AB091A}"
EndProject
Project("{FAE04EC0-301F-11D3-BF4B-00C04F79EFBC}") = "02-ByteBank", "02-ByteBank\02-ByteBank.csproj", "{E8F6FA90-0690-40E1-B2E3-BFC9E83AA058}"
EndProject
Project("{FAE04EC0-301F-11D3-BF4B-00C04F79EFBC}") = "03-ByteBank", "03-ByteBank\03-ByteBank.csproj", "{0EFA8ADD-5A46-43ED-87AB-5643AB573FCD}"
EndProject
Project("{FAE04EC0-301F-11D3-BF4B-00C04F79EFBC}") = "Codigos", "Codigos\Codigos.csproj", "{C77F22C2-A22A-4741-9635-FF7387A7957E}"
EndProject
Project("{FAE04EC0-301F-11D3-BF4B-00C04F79EFBC}") = "04-ByteBank", "04-ByteBank\04-ByteBank.csproj", "{07F50085-3C6A-4BB0-BFE8-60CB42971313}"
EndProject
Global
	GlobalSection(SolutionConfigurationPlatforms) = preSolution
		Debug|Any CPU = Debug|Any CPU
		Release|Any CPU = Release|Any CPU
	EndGlobalSection
	GlobalSection(ProjectConfigurationPlatforms) = postSolution
		{3B3F1072-0DFE-446D-9B65-8600E3AB091A}.Debug|Any CPU.ActiveCfg = Debug|Any CPU
		{3B3F1072-0DFE-446D-9B65-8600E3AB091A}.Debug|Any CPU.Build.0 = Debug|Any CPU
		{3B3F1072-0DFE-446D-9B65-8600E3AB091A}.Release|Any CPU.ActiveCfg = Release|Any CPU
		{3B3F1072-0DFE-446D-9B65-8600E3AB091A}.Release|Any CPU.Build.0 = Release|Any CPU
		{E8F6FA90-0690-40E1-B2E3-BFC9E83AA058}.Debug|Any CPU.ActiveCfg = Debug|Any CPU
		{E8F6FA90-0690-40E1-B2E3-BFC9E83AA058}.Debug|Any CPU.Build.0 = Debug|Any CPU
		{E8F6FA90-0690-40E1-B2E3-BFC9E83AA058}.Release|Any CPU.ActiveCfg = Release|Any CPU
		{E8F6FA90-0690-40E1-B2E3-BFC9E83AA058}.Release|Any CPU.Build.0 = Release|Any CPU
		{0EFA8ADD-5A46-43ED-87AB-5643AB573FCD}.Debug|Any CPU.ActiveCfg = Debug|Any CPU
		{0EFA8ADD-5A46-43ED-87AB-5643AB573FCD}.Debug|Any CPU.Build.0 = Debug|Any CPU
		{0EFA8ADD-5A46-43ED-87AB-5643AB573FCD}.Release|Any CPU.ActiveCfg = Release|Any CPU
		{0EFA8ADD-5A46-43ED-87AB-5643AB573FCD}.Release|Any CPU.Build.0 = Release|Any CPU
		{C77F22C2-A22A-4741-9635-FF7387A7957E}.Debug|Any CPU.ActiveCfg = Debug|Any CPU
		{C77F22C2-A22A-4741-9635-FF7387A7957E}.Debug|Any CPU.Build.0 = Debug|Any CPU
		{C77F22C2-A22A-4741-9635-FF7387A7957E}.Release|Any CPU.ActiveCfg = Release|Any CPU
		{C77F22C2-A22A-4741-9635-FF7387A7957E}.Release|Any CPU.Build.0 = Release|Any CPU
		{07F50085-3C6A-4BB0-BFE8-60CB42971313}.Debug|Any CPU.ActiveCfg = Debug|Any CPU
		{07F50085-3C6A-4BB0-BFE8-60CB42971313}.Debug|Any CPU.Build.0 = Debug|Any CPU
		{07F50085-3C6A-4BB0-BFE8-60CB42971313}.Release|Any CPU.ActiveCfg = Release|Any CPU
		{07F50085-3C6A-4BB0-BFE8-60CB42971313}.Release|Any CPU.Build.0 = Release|Any CPU
	EndGlobalSection
	GlobalSection(SolutionProperties) = preSolution
		HideSolutionNode = FALSE
	EndGlobalSection
	GlobalSection(ExtensibilityGlobals) = postSolution
		SolutionGuid = {7CEDD1AC-E018-4CAC-938C-3493695E8A20}
	EndGlobalSection
EndGlobal
